
Microsoft Visual Studio Solution File, Format Version 12.00
# Visual Studio 2015
Project("{FAE04EC0-301F-11D3-BF4B-00C04F79EFBC}") = "PetDoggo.Plugins", "PetDoggo.Plugins.csproj", "{F43D61E6-D808-D2E6-DD88-B617ED407108}"
EndProject
Project("{FAE04EC0-301F-11D3-BF4B-00C04F79EFBC}") = "PetDoggo", "PetDoggo.csproj", "{FC14BEE9-6BB7-67DD-0EB0-DEE87315203F}"
EndProject
Project("{FAE04EC0-301F-11D3-BF4B-00C04F79EFBC}") = "PetDoggo.Editor", "PetDoggo.Editor.csproj", "{20C71790-F8E6-51BA-59C9-22962926F143}"
EndProject
Global
	GlobalSection(SolutionConfigurationPlatforms) = preSolution
		Debug|Any CPU = Debug|Any CPU
		Release|Any CPU = Release|Any CPU
	EndGlobalSection
	GlobalSection(ProjectConfigurationPlatforms) = postSolution
		{F43D61E6-D808-D2E6-DD88-B617ED407108}.Debug|Any CPU.ActiveCfg = Debug|Any CPU
		{F43D61E6-D808-D2E6-DD88-B617ED407108}.Debug|Any CPU.Build.0 = Debug|Any CPU
		{F43D61E6-D808-D2E6-DD88-B617ED407108}.Release|Any CPU.ActiveCfg = Release|Any CPU
		{F43D61E6-D808-D2E6-DD88-B617ED407108}.Release|Any CPU.Build.0 = Release|Any CPU
		{FC14BEE9-6BB7-67DD-0EB0-DEE87315203F}.Debug|Any CPU.ActiveCfg = Debug|Any CPU
		{FC14BEE9-6BB7-67DD-0EB0-DEE87315203F}.Debug|Any CPU.Build.0 = Debug|Any CPU
		{FC14BEE9-6BB7-67DD-0EB0-DEE87315203F}.Release|Any CPU.ActiveCfg = Release|Any CPU
		{FC14BEE9-6BB7-67DD-0EB0-DEE87315203F}.Release|Any CPU.Build.0 = Release|Any CPU
		{20C71790-F8E6-51BA-59C9-22962926F143}.Debug|Any CPU.ActiveCfg = Debug|Any CPU
		{20C71790-F8E6-51BA-59C9-22962926F143}.Debug|Any CPU.Build.0 = Debug|Any CPU
		{20C71790-F8E6-51BA-59C9-22962926F143}.Release|Any CPU.ActiveCfg = Release|Any CPU
		{20C71790-F8E6-51BA-59C9-22962926F143}.Release|Any CPU.Build.0 = Release|Any CPU
	EndGlobalSection
	GlobalSection(SolutionProperties) = preSolution
		HideSolutionNode = FALSE
	EndGlobalSection
EndGlobal
